
Microsoft Visual Studio Solution File, Format Version 12.00
# Visual Studio 15
VisualStudioVersion = 15.0.28307.168
MinimumVisualStudioVersion = 10.0.40219.1
Project("{9A19103F-16F7-4668-BE54-9A1E7A4F7556}") = "Api.Locadora", "Api.Lacadoura\Api.Locadora.csproj", "{2C617B35-2C3C-48B5-AFFF-2DBE50D0C79D}"
EndProject
Global
	GlobalSection(SolutionConfigurationPlatforms) = preSolution
		Debug|Any CPU = Debug|Any CPU
		Release|Any CPU = Release|Any CPU
	EndGlobalSection
	GlobalSection(ProjectConfigurationPlatforms) = postSolution
		{2C617B35-2C3C-48B5-AFFF-2DBE50D0C79D}.Debug|Any CPU.ActiveCfg = Debug|Any CPU
		{2C617B35-2C3C-48B5-AFFF-2DBE50D0C79D}.Debug|Any CPU.Build.0 = Debug|Any CPU
		{2C617B35-2C3C-48B5-AFFF-2DBE50D0C79D}.Release|Any CPU.ActiveCfg = Release|Any CPU
		{2C617B35-2C3C-48B5-AFFF-2DBE50D0C79D}.Release|Any CPU.Build.0 = Release|Any CPU
	EndGlobalSection
	GlobalSection(SolutionProperties) = preSolution
		HideSolutionNode = FALSE
	EndGlobalSection
	GlobalSection(ExtensibilityGlobals) = postSolution
		SolutionGuid = {922D2C38-9490-4B0A-8DD1-4BA94F5BF1A8}
	EndGlobalSection
EndGlobal
